
Microsoft Visual Studio Solution File, Format Version 10.00
# Visual C# Express 2008
Project("{FAE04EC0-301F-11D3-BF4B-00C04F79EFBC}") = "Pequot", "Pequot\Pequot.csproj", "{C29CA5A9-4841-451C-BEEF-E226DB44FC57}"
EndProject
Global
	GlobalSection(SolutionConfigurationPlatforms) = preSolution
		Debug|Any CPU = Debug|Any CPU
		Release|Any CPU = Release|Any CPU
	EndGlobalSection
	GlobalSection(ProjectConfigurationPlatforms) = postSolution
		{C29CA5A9-4841-451C-BEEF-E226DB44FC57}.Debug|Any CPU.ActiveCfg = Debug|Any CPU
		{C29CA5A9-4841-451C-BEEF-E226DB44FC57}.Debug|Any CPU.Build.0 = Debug|Any CPU
		{C29CA5A9-4841-451C-BEEF-E226DB44FC57}.Release|Any CPU.ActiveCfg = Release|Any CPU
		{C29CA5A9-4841-451C-BEEF-E226DB44FC57}.Release|Any CPU.Build.0 = Release|Any CPU
	EndGlobalSection
	GlobalSection(SolutionProperties) = preSolution
		HideSolutionNode = FALSE
	EndGlobalSection
EndGlobal
